
Microsoft Visual Studio Solution File, Format Version 12.00
# Visual Studio Version 17
VisualStudioVersion = 17.9.34607.119
MinimumVisualStudioVersion = 10.0.40219.1
Project("{9A19103F-16F7-4668-BE54-9A1E7A4F7556}") = "PASS ISE102 2024 T3", "PASS ISE102 2024 T3\PASS ISE102 2024 T3.csproj", "{783BC348-EBAB-4BC2-B5B8-8273D77E9460}"
EndProject
Project("{FAE04EC0-301F-11D3-BF4B-00C04F79EFBC}") = "PASS Wk3", "PASS Wk3\PASS Wk3.csproj", "{164DBC80-AEF7-483E-975E-C1C90AA2E7D0}"
EndProject
Global
	GlobalSection(SolutionConfigurationPlatforms) = preSolution
		Debug|Any CPU = Debug|Any CPU
		Release|Any CPU = Release|Any CPU
	EndGlobalSection
	GlobalSection(ProjectConfigurationPlatforms) = postSolution
		{783BC348-EBAB-4BC2-B5B8-8273D77E9460}.Debug|Any CPU.ActiveCfg = Debug|Any CPU
		{783BC348-EBAB-4BC2-B5B8-8273D77E9460}.Debug|Any CPU.Build.0 = Debug|Any CPU
		{783BC348-EBAB-4BC2-B5B8-8273D77E9460}.Release|Any CPU.ActiveCfg = Release|Any CPU
		{783BC348-EBAB-4BC2-B5B8-8273D77E9460}.Release|Any CPU.Build.0 = Release|Any CPU
		{164DBC80-AEF7-483E-975E-C1C90AA2E7D0}.Debug|Any CPU.ActiveCfg = Debug|Any CPU
		{164DBC80-AEF7-483E-975E-C1C90AA2E7D0}.Debug|Any CPU.Build.0 = Debug|Any CPU
		{164DBC80-AEF7-483E-975E-C1C90AA2E7D0}.Release|Any CPU.ActiveCfg = Release|Any CPU
		{164DBC80-AEF7-483E-975E-C1C90AA2E7D0}.Release|Any CPU.Build.0 = Release|Any CPU
	EndGlobalSection
	GlobalSection(SolutionProperties) = preSolution
		HideSolutionNode = FALSE
	EndGlobalSection
	GlobalSection(ExtensibilityGlobals) = postSolution
		SolutionGuid = {31B29B98-C03F-45DD-999A-2CBC7F33EFDE}
	EndGlobalSection
EndGlobal
